// !$*UTF8*$!
{
	archiveVersion = 1;
	classes = {
	};
	objectVersion = 50;
	objects = {

/* Begin PBXBuildFile section */
		3CAA6C9726FC958200528C1A /* Question.swift in Sources */ = {isa = PBXBuildFile; fileRef = 3CAA6C9626FC958200528C1A /* Question.swift */; };
		3CAA6C9C26FDBF1100528C1A /* QuizBrain.swift in Sources */ = {isa = PBXBuildFile; fileRef = 3CAA6C9B26FDBF1100528C1A /* QuizBrain.swift */; };
		3CF74EE526FC5361007591A4 /* AppDelegate.swift in Sources */ = {isa = PBXBuildFile; fileRef = 3CF74EE426FC5361007591A4 /* AppDelegate.swift */; };
		3CF74EE726FC5361007591A4 /* SceneDelegate.swift in Sources */ = {isa = PBXBuildFile; fileRef = 3CF74EE626FC5361007591A4 /* SceneDelegate.swift */; };
		3CF74EE926FC5361007591A4 /* ViewController.swift in Sources */ = {isa = PBXBuildFile; fileRef = 3CF74EE826FC5361007591A4 /* ViewController.swift */; };
		3CF74EEC26FC5361007591A4 /* Main.storyboard in Resources */ = {isa = PBXBuildFile; fileRef = 3CF74EEA26FC5361007591A4 /* Main.storyboard */; };
		3CF74EEE26FC5363007591A4 /* Assets.xcassets in Resources */ = {isa = PBXBuildFile; fileRef = 3CF74EED26FC5363007591A4 /* Assets.xcassets */; };
		3CF74EF126FC5363007591A4 /* LaunchScreen.storyboard in Resources */ = {isa = PBXBuildFile; fileRef = 3CF74EEF26FC5363007591A4 /* LaunchScreen.storyboard */; };
		3CF74EFC26FC5363007591A4 /* QuizzlerTests.swift in Sources */ = {isa = PBXBuildFile; fileRef = 3CF74EFB26FC5363007591A4 /* QuizzlerTests.swift */; };
		3CF74F0726FC5363007591A4 /* QuizzlerUITests.swift in Sources */ = {isa = PBXBuildFile; fileRef = 3CF74F0626FC5363007591A4 /* QuizzlerUITests.swift */; };
/* End PBXBuildFile section */

/* Begin PBXContainerItemProxy section */
		3CF74EF826FC5363007591A4 /* PBXContainerItemProxy */ = {
			isa = PBXContainerItemProxy;
			containerPortal = 3CF74ED926FC5361007591A4 /* Project object */;
			proxyType = 1;
			remoteGlobalIDString = 3CF74EE026FC5361007591A4;
			remoteInfo = Quizzler;
		};
		3CF74F0326FC5363007591A4 /* PBXContainerItemProxy */ = {
			isa = PBXContainerItemProxy;
			containerPortal = 3CF74ED926FC5361007591A4 /* Project object */;
			proxyType = 1;
			remoteGlobalIDString = 3CF74EE026FC5361007591A4;
			remoteInfo = Quizzler;
		};
/* End PBXContainerItemProxy section */

/* Begin PBXFileReference section */
		3CAA6C9626FC958200528C1A /* Question.swift */ = {isa = PBXFileReference; lastKnownFileType = sourcecode.swift; path = Question.swift; sourceTree = "<group>"; };
		3CAA6C9B26FDBF1100528C1A /* QuizBrain.swift */ = {isa = PBXFileReference; lastKnownFileType = sourcecode.swift; path = QuizBrain.swift; sourceTree = "<group>"; };
		3CF74EE126FC5361007591A4 /* Quizzler.app */ = {isa = PBXFileReference; explicitFileType = wrapper.application; includeInIndex = 0; path = Quizzler.app; sourceTree = BUILT_PRODUCTS_DIR; };
		3CF74EE426FC5361007591A4 /* AppDelegate.swift */ = {isa = PBXFileReference; lastKnownFileType = sourcecode.swift; path = AppDelegate.swift; sourceTree = "<group>"; };
		3CF74EE626FC5361007591A4 /* SceneDelegate.swift */ = {isa = PBXFileReference; lastKnownFileType = sourcecode.swift; path = SceneDelegate.swift; sourceTree = "<group>"; };
		3CF74EE826FC5361007591A4 /* ViewController.swift */ = {isa = PBXFileReference; lastKnownFileType = sourcecode.swift; path = ViewController.swift; sourceTree = "<group>"; };
		3CF74EEB26FC5361007591A4 /* Base */ = {isa = PBXFileReference; lastKnownFileType = file.storyboard; name = Base; path = Base.lproj/Main.storyboard; sourceTree = "<group>"; };
		3CF74EED26FC5363007591A4 /* Assets.xcassets */ = {isa = PBXFileReference; lastKnownFileType = folder.assetcatalog; path = Assets.xcassets; sourceTree = "<group>"; };
		3CF74EF026FC5363007591A4 /* Base */ = {isa = PBXFileReference; lastKnownFileType = file.storyboard; name = Base; path = Base.lproj/LaunchScreen.storyboard; sourceTree = "<group>"; };
		3CF74EF226FC5363007591A4 /* Info.plist */ = {isa = PBXFileReference; lastKnownFileType = text.plist.xml; path = Info.plist; sourceTree = "<group>"; };
		3CF74EF726FC5363007591A4 /* QuizzlerTests.xctest */ = {isa = PBXFileReference; explicitFileType = wrapper.cfbundle; includeInIndex = 0; path = QuizzlerTests.xctest; sourceTree = BUILT_PRODUCTS_DIR; };
		3CF74EFB26FC5363007591A4 /* QuizzlerTests.swift */ = {isa = PBXFileReference; lastKnownFileType = sourcecode.swift; path = QuizzlerTests.swift; sourceTree = "<group>"; };
		3CF74EFD26FC5363007591A4 /* Info.plist */ = {isa = PBXFileReference; lastKnownFileType = text.plist.xml; path = Info.plist; sourceTree = "<group>"; };
		3CF74F0226FC5363007591A4 /* QuizzlerUITests.xctest */ = {isa = PBXFileReference; explicitFileType = wrapper.cfbundle; includeInIndex = 0; path = QuizzlerUITests.xctest; sourceTree = BUILT_PRODUCTS_DIR; };
		3CF74F0626FC5363007591A4 /* QuizzlerUITests.swift */ = {isa = PBXFileReference; lastKnownFileType = sourcecode.swift; path = QuizzlerUITests.swift; sourceTree = "<group>"; };
		3CF74F0826FC5363007591A4 /* Info.plist */ = {isa = PBXFileReference; lastKnownFileType = text.plist.xml; path = Info.plist; sourceTree = "<group>"; };
/* End PBXFileReference section */

/* Begin PBXFrameworksBuildPhase section */
		3CF74EDE26FC5361007591A4 /* Frameworks */ = {
			isa = PBXFrameworksBuildPhase;
			buildActionMask = 2147483647;
			files = (
			);
			runOnlyForDeploymentPostprocessing = 0;
		};
		3CF74EF426FC5363007591A4 /* Frameworks */ = {
			isa = PBXFrameworksBuildPhase;
			buildActionMask = 2147483647;
			files = (
			);
			runOnlyForDeploymentPostprocessing = 0;
		};
		3CF74EFF26FC5363007591A4 /* Frameworks */ = {
			isa = PBXFrameworksBuildPhase;
			buildActionMask = 2147483647;
			files = (
			);
			runOnlyForDeploymentPostprocessing = 0;
		};
/* End PBXFrameworksBuildPhase section */

/* Begin PBXGroup section */
		3CAA6C9826FDBE3E00528C1A /* Model */ = {
			isa = PBXGroup;
			children = (
				3CAA6C9626FC958200528C1A /* Question.swift */,
				3CAA6C9B26FDBF1100528C1A /* QuizBrain.swift */,
			);
			path = Model;
			sourceTree = "<group>";
		};
		3CAA6C9926FDBE5F00528C1A /* View */ = {
			isa = PBXGroup;
			children = (
				3CF74EEA26FC5361007591A4 /* Main.storyboard */,
			);
			path = View;
			sourceTree = "<group>";
		};
		3CAA6C9A26FDBE6900528C1A /* Controller */ = {
			isa = PBXGroup;
			children = (
				3CF74EE826FC5361007591A4 /* ViewController.swift */,
			);
			path = Controller;
			sourceTree = "<group>";
		};
		3CF74ED826FC5361007591A4 = {
			isa = PBXGroup;
			children = (
				3CF74EE326FC5361007591A4 /* Quizzler */,
				3CF74EFA26FC5363007591A4 /* QuizzlerTests */,
				3CF74F0526FC5363007591A4 /* QuizzlerUITests */,
				3CF74EE226FC5361007591A4 /* Products */,
			);
			sourceTree = "<group>";
		};
		3CF74EE226FC5361007591A4 /* Products */ = {
			isa = PBXGroup;
			children = (
				3CF74EE126FC5361007591A4 /* Quizzler.app */,
				3CF74EF726FC5363007591A4 /* QuizzlerTests.xctest */,
				3CF74F0226FC5363007591A4 /* QuizzlerUITests.xctest */,
			);
			name = Products;
			sourceTree = "<group>";
		};
		3CF74EE326FC5361007591A4 /* Quizzler */ = {
			isa = PBXGroup;
			children = (
				3CF74EE426FC5361007591A4 /* AppDelegate.swift */,
				3CF74EE626FC5361007591A4 /* SceneDelegate.swift */,
				3CAA6C9826FDBE3E00528C1A /* Model */,
				3CAA6C9A26FDBE6900528C1A /* Controller */,
				3CAA6C9926FDBE5F00528C1A /* View */,
				3CF74EED26FC5363007591A4 /* Assets.xcassets */,
				3CF74EEF26FC5363007591A4 /* LaunchScreen.storyboard */,
				3CF74EF226FC5363007591A4 /* Info.plist */,
			);
			path = Quizzler;
			sourceTree = "<group>";
		};
		3CF74EFA26FC5363007591A4 /* QuizzlerTests */ = {
			isa = PBXGroup;
			children = (
				3CF74EFB26FC5363007591A4 /* QuizzlerTests.swift */,
				3CF74EFD26FC5363007591A4 /* Info.plist */,
			);
			path = QuizzlerTests;
			sourceTree = "<group>";
		};
		3CF74F0526FC5363007591A4 /* QuizzlerUITests */ = {
			isa = PBXGroup;
			children = (
				3CF74F0626FC5363007591A4 /* QuizzlerUITests.swift */,
				3CF74F0826FC5363007591A4 /* Info.plist */,
			);
			path = QuizzlerUITests;
			sourceTree = "<group>";
		};
/* End PBXGroup section */

/* Begin PBXNativeTarget section */
		3CF74EE026FC5361007591A4 /* Quizzler */ = {
			isa = PBXNativeTarget;
			buildConfigurationList = 3CF74F0B26FC5363007591A4 /* Build configuration list for PBXNativeTarget "Quizzler" */;
			buildPhases = (
				3CF74EDD26FC5361007591A4 /* Sources */,
				3CF74EDE26FC5361007591A4 /* Frameworks */,
				3CF74EDF26FC5361007591A4 /* Resources */,
			);
			buildRules = (
			);
			dependencies = (
			);
			name = Quizzler;
			productName = Quizzler;
			productReference = 3CF74EE126FC5361007591A4 /* Quizzler.app */;
			productType = "com.apple.product-type.application";
		};
		3CF74EF626FC5363007591A4 /* QuizzlerTests */ = {
			isa = PBXNativeTarget;
			buildConfigurationList = 3CF74F0E26FC5363007591A4 /* Build configuration list for PBXNativeTarget "QuizzlerTests" */;
			buildPhases = (
				3CF74EF326FC5363007591A4 /* Sources */,
				3CF74EF426FC5363007591A4 /* Frameworks */,
				3CF74EF526FC5363007591A4 /* Resources */,
			);
			buildRules = (
			);
			dependencies = (
				3CF74EF926FC5363007591A4 /* PBXTargetDependency */,
			);
			name = QuizzlerTests;
			productName = QuizzlerTests;
			productReference = 3CF74EF726FC5363007591A4 /* QuizzlerTests.xctest */;
			productType = "com.apple.product-type.bundle.unit-test";
		};
		3CF74F0126FC5363007591A4 /* QuizzlerUITests */ = {
			isa = PBXNativeTarget;
			buildConfigurationList = 3CF74F1126FC5363007591A4 /* Build configuration list for PBXNativeTarget "QuizzlerUITests" */;
			buildPhases = (
				3CF74EFE26FC5363007591A4 /* Sources */,
				3CF74EFF26FC5363007591A4 /* Frameworks */,
				3CF74F0026FC5363007591A4 /* Resources */,
			);
			buildRules = (
			);
			dependencies = (
				3CF74F0426FC5363007591A4 /* PBXTargetDependency */,
			);
			name = QuizzlerUITests;
			productName = QuizzlerUITests;
			productReference = 3CF74F0226FC5363007591A4 /* QuizzlerUITests.xctest */;
			productType = "com.apple.product-type.bundle.ui-testing";
		};
/* End PBXNativeTarget section */

/* Begin PBXProject section */
		3CF74ED926FC5361007591A4 /* Project object */ = {
			isa = PBXProject;
			attributes = {
				LastSwiftUpdateCheck = 1250;
				LastUpgradeCheck = 1250;
				TargetAttributes = {
					3CF74EE026FC5361007591A4 = {
						CreatedOnToolsVersion = 12.5.1;
					};
					3CF74EF626FC5363007591A4 = {
						CreatedOnToolsVersion = 12.5.1;
						TestTargetID = 3CF74EE026FC5361007591A4;
					};
					3CF74F0126FC5363007591A4 = {
						CreatedOnToolsVersion = 12.5.1;
						TestTargetID = 3CF74EE026FC5361007591A4;
					};
				};
			};
			buildConfigurationList = 3CF74EDC26FC5361007591A4 /* Build configuration list for PBXProject "Quizzler" */;
			compatibilityVersion = "Xcode 9.3";
			developmentRegion = en;
			hasScannedForEncodings = 0;
			knownRegions = (
				en,
				Base,
			);
			mainGroup = 3CF74ED826FC5361007591A4;
			productRefGroup = 3CF74EE226FC5361007591A4 /* Products */;
			projectDirPath = "";
			projectRoot = "";
			targets = (
				3CF74EE026FC5361007591A4 /* Quizzler */,
				3CF74EF626FC5363007591A4 /* QuizzlerTests */,
				3CF74F0126FC5363007591A4 /* QuizzlerUITests */,
			);
		};
/* End PBXProject section */

/* Begin PBXResourcesBuildPhase section */
		3CF74EDF26FC5361007591A4 /* Resources */ = {
			isa = PBXResourcesBuildPhase;
			buildActionMask = 2147483647;
			files = (
				3CF74EF126FC5363007591A4 /* LaunchScreen.storyboard in Resources */,
				3CF74EEE26FC5363007591A4 /* Assets.xcassets in Resources */,
				3CF74EEC26FC5361007591A4 /* Main.storyboard in Resources */,
			);
			runOnlyForDeploymentPostprocessing = 0;
		};
		3CF74EF526FC5363007591A4 /* Resources */ = {
			isa = PBXResourcesBuildPhase;
			buildActionMask = 2147483647;
			files = (
			);
			runOnlyForDeploymentPostprocessing = 0;
		};
		3CF74F0026FC5363007591A4 /* Resources */ = {
			isa = PBXResourcesBuildPhase;
			buildActionMask = 2147483647;
			files = (
			);
			runOnlyForDeploymentPostprocessing = 0;
		};
/* End PBXResourcesBuildPhase section */

/* Begin PBXSourcesBuildPhase section */
		3CF74EDD26FC5361007591A4 /* Sources */ = {
			isa = PBXSourcesBuildPhase;
			buildActionMask = 2147483647;
			files = (
				3CAA6C9C26FDBF1100528C1A /* QuizBrain.swift in Sources */,
				3CF74EE926FC5361007591A4 /* ViewController.swift in Sources */,
				3CAA6C9726FC958200528C1A /* Question.swift in Sources */,
				3CF74EE526FC5361007591A4 /* AppDelegate.swift in Sources */,
				3CF74EE726FC5361007591A4 /* SceneDelegate.swift in Sources */,
			);
			runOnlyForDeploymentPostprocessing = 0;
		};
		3CF74EF326FC5363007591A4 /* Sources */ = {
			isa = PBXSourcesBuildPhase;
			buildActionMask = 2147483647;
			files = (
				3CF74EFC26FC5363007591A4 /* QuizzlerTests.swift in Sources */,
			);
			runOnlyForDeploymentPostprocessing = 0;
		};
		3CF74EFE26FC5363007591A4 /* Sources */ = {
			isa = PBXSourcesBuildPhase;
			buildActionMask = 2147483647;
			files = (
				3CF74F0726FC5363007591A4 /* QuizzlerUITests.swift in Sources */,
			);
			runOnlyForDeploymentPostprocessing = 0;
		};
/* End PBXSourcesBuildPhase section */

/* Begin PBXTargetDependency section */
		3CF74EF926FC5363007591A4 /* PBXTargetDependency */ = {
			isa = PBXTargetDependency;
			target = 3CF74EE026FC5361007591A4 /* Quizzler */;
			targetProxy = 3CF74EF826FC5363007591A4 /* PBXContainerItemProxy */;
		};
		3CF74F0426FC5363007591A4 /* PBXTargetDependency */ = {
			isa = PBXTargetDependency;
			target = 3CF74EE026FC5361007591A4 /* Quizzler */;
			targetProxy = 3CF74F0326FC5363007591A4 /* PBXContainerItemProxy */;
		};
/* End PBXTargetDependency section */

/* Begin PBXVariantGroup section */
		3CF74EEA26FC5361007591A4 /* Main.storyboard */ = {
			isa = PBXVariantGroup;
			children = (
				3CF74EEB26FC5361007591A4 /* Base */,
			);
			name = Main.storyboard;
			sourceTree = "<group>";
		};
		3CF74EEF26FC5363007591A4 /* LaunchScreen.storyboard */ = {
			isa = PBXVariantGroup;
			children = (
				3CF74EF026FC5363007591A4 /* Base */,
			);
			name = LaunchScreen.storyboard;
			sourceTree = "<group>";
		};
/* End PBXVariantGroup section */

/* Begin XCBuildConfiguration section */
		3CF74F0926FC5363007591A4 /* Debug */ = {
			isa = XCBuildConfiguration;
			buildSettings = {
				ALWAYS_SEARCH_USER_PATHS = NO;
				CLANG_ANALYZER_NONNULL = YES;
				CLANG_ANALYZER_NUMBER_OBJECT_CONVERSION = YES_AGGRESSIVE;
				CLANG_CXX_LANGUAGE_STANDARD = "gnu++14";
				CLANG_CXX_LIBRARY = "libc++";
				CLANG_ENABLE_MODULES = YES;
				CLANG_ENABLE_OBJC_ARC = YES;
				CLANG_ENABLE_OBJC_WEAK = YES;
				CLANG_WARN_BLOCK_CAPTURE_AUTORELEASING = YES;
				CLANG_WARN_BOOL_CONVERSION = YES;
				CLANG_WARN_COMMA = YES;
				CLANG_WARN_CONSTANT_CONVERSION = YES;
				CLANG_WARN_DEPRECATED_OBJC_IMPLEMENTATIONS = YES;
				CLANG_WARN_DIRECT_OBJC_ISA_USAGE = YES_ERROR;
				CLANG_WARN_DOCUMENTATION_COMMENTS = YES;
				CLANG_WARN_EMPTY_BODY = YES;
				CLANG_WARN_ENUM_CONVERSION = YES;
				CLANG_WARN_INFINITE_RECURSION = YES;
				CLANG_WARN_INT_CONVERSION = YES;
				CLANG_WARN_NON_LITERAL_NULL_CONVERSION = YES;
				CLANG_WARN_OBJC_IMPLICIT_RETAIN_SELF = YES;
				CLANG_WARN_OBJC_LITERAL_CONVERSION = YES;
				CLANG_WARN_OBJC_ROOT_CLASS = YES_ERROR;
				CLANG_WARN_QUOTED_INCLUDE_IN_FRAMEWORK_HEADER = YES;
				CLANG_WARN_RANGE_LOOP_ANALYSIS = YES;
				CLANG_WARN_STRICT_PROTOTYPES = YES;
				CLANG_WARN_SUSPICIOUS_MOVE = YES;
				CLANG_WARN_UNGUARDED_AVAILABILITY = YES_AGGRESSIVE;
				CLANG_WARN_UNREACHABLE_CODE = YES;
				CLANG_WARN__DUPLICATE_METHOD_MATCH = YES;
				COPY_PHASE_STRIP = NO;
				DEBUG_INFORMATION_FORMAT = dwarf;
				ENABLE_STRICT_OBJC_MSGSEND = YES;
				ENABLE_TESTABILITY = YES;
				GCC_C_LANGUAGE_STANDARD = gnu11;
				GCC_DYNAMIC_NO_PIC = NO;
				GCC_NO_COMMON_BLOCKS = YES;
				GCC_OPTIMIZATION_LEVEL = 0;
				GCC_PREPROCESSOR_DEFINITIONS = (
					"DEBUG=1",
					"$(inherited)",
				);
				GCC_WARN_64_TO_32_BIT_CONVERSION = YES;
				GCC_WARN_ABOUT_RETURN_TYPE = YES_ERROR;
				GCC_WARN_UNDECLARED_SELECTOR = YES;
				GCC_WARN_UNINITIALIZED_AUTOS = YES_AGGRESSIVE;
				GCC_WARN_UNUSED_FUNCTION = YES;
				GCC_WARN_UNUSED_VARIABLE = YES;
				IPHONEOS_DEPLOYMENT_TARGET = 14.5;
				MTL_ENABLE_DEBUG_INFO = INCLUDE_SOURCE;
				MTL_FAST_MATH = YES;
				ONLY_ACTIVE_ARCH = YES;
				SDKROOT = iphoneos;
				SWIFT_ACTIVE_COMPILATION_CONDITIONS = DEBUG;
				SWIFT_OPTIMIZATION_LEVEL = "-Onone";
			};
			name = Debug;
		};
		3CF74F0A26FC5363007591A4 /* Release */ = {
			isa = XCBuildConfiguration;
			buildSettings = {
				ALWAYS_SEARCH_USER_PATHS = NO;
				CLANG_ANALYZER_NONNULL = YES;
				CLANG_ANALYZER_NUMBER_OBJECT_CONVERSION = YES_AGGRESSIVE;
				CLANG_CXX_LANGUAGE_STANDARD = "gnu++14";
				CLANG_CXX_LIBRARY = "libc++";
				CLANG_ENABLE_MODULES = YES;
				CLANG_ENABLE_OBJC_ARC = YES;
				CLANG_ENABLE_OBJC_WEAK = YES;
				CLANG_WARN_BLOCK_CAPTURE_AUTORELEASING = YES;
				CLANG_WARN_BOOL_CONVERSION = YES;
				CLANG_WARN_COMMA = YES;
				CLANG_WARN_CONSTANT_CONVERSION = YES;
				CLANG_WARN_DEPRECATED_OBJC_IMPLEMENTATIONS = YES;
				CLANG_WARN_DIRECT_OBJC_ISA_USAGE = YES_ERROR;
				CLANG_WARN_DOCUMENTATION_COMMENTS = YES;
				CLANG_WARN_EMPTY_BODY = YES;
				CLANG_WARN_ENUM_CONVERSION = YES;
				CLANG_WARN_INFINITE_RECURSION = YES;
				CLANG_WARN_INT_CONVERSION = YES;
				CLANG_WARN_NON_LITERAL_NULL_CONVERSION = YES;
				CLANG_WARN_OBJC_IMPLICIT_RETAIN_SELF = YES;
				CLANG_WARN_OBJC_LITERAL_CONVERSION = YES;
				CLANG_WARN_OBJC_ROOT_CLASS = YES_ERROR;
				CLANG_WARN_QUOTED_INCLUDE_IN_FRAMEWORK_HEADER = YES;
				CLANG_WARN_RANGE_LOOP_ANALYSIS = YES;
				CLANG_WARN_STRICT_PROTOTYPES = YES;
				CLANG_WARN_SUSPICIOUS_MOVE = YES;
				CLANG_WARN_UNGUARDED_AVAILABILITY = YES_AGGRESSIVE;
				CLANG_WARN_UNREACHABLE_CODE = YES;
				CLANG_WARN__DUPLICATE_METHOD_MATCH = YES;
				COPY_PHASE_STRIP = NO;
				DEBUG_INFORMATION_FORMAT = "dwarf-with-dsym";
				ENABLE_NS_ASSERTIONS = NO;
				ENABLE_STRICT_OBJC_MSGSEND = YES;
				GCC_C_LANGUAGE_STANDARD = gnu11;
				GCC_NO_COMMON_BLOCKS = YES;
				GCC_WARN_64_TO_32_BIT_CONVERSION = YES;
				GCC_WARN_ABOUT_RETURN_TYPE = YES_ERROR;
				GCC_WARN_UNDECLARED_SELECTOR = YES;
				GCC_WARN_UNINITIALIZED_AUTOS = YES_AGGRESSIVE;
				GCC_WARN_UNUSED_FUNCTION = YES;
				GCC_WARN_UNUSED_VARIABLE = YES;
				IPHONEOS_DEPLOYMENT_TARGET = 14.5;
				MTL_ENABLE_DEBUG_INFO = NO;
				MTL_FAST_MATH = YES;
				SDKROOT = iphoneos;
				SWIFT_COMPILATION_MODE = wholemodule;
				SWIFT_OPTIMIZATION_LEVEL = "-O";
				VALIDATE_PRODUCT = YES;
			};
			name = Release;
		};
		3CF74F0C26FC5363007591A4 /* Debug */ = {
			isa = XCBuildConfiguration;
			buildSettings = {
				ASSETCATALOG_COMPILER_APPICON_NAME = AppIcon;
				ASSETCATALOG_COMPILER_GLOBAL_ACCENT_COLOR_NAME = AccentColor;
				CODE_SIGN_STYLE = Automatic;
				DEVELOPMENT_TEAM = SL67DKJLZ6;
				INFOPLIST_FILE = Quizzler/Info.plist;
				LD_RUNPATH_SEARCH_PATHS = (
					"$(inherited)",
					"@executable_path/Frameworks",
				);
				PRODUCT_BUNDLE_IDENTIFIER = com.eetuhernesniemi1990.Quizzler;
				PRODUCT_NAME = "$(TARGET_NAME)";
				SWIFT_VERSION = 5.0;
				TARGETED_DEVICE_FAMILY = "1,2";
			};
			name = Debug;
		};
		3CF74F0D26FC5363007591A4 /* Release */ = {
			isa = XCBuildConfiguration;
			buildSettings = {
				ASSETCATALOG_COMPILER_APPICON_NAME = AppIcon;
				ASSETCATALOG_COMPILER_GLOBAL_ACCENT_COLOR_NAME = AccentColor;
				CODE_SIGN_STYLE = Automatic;
				DEVELOPMENT_TEAM = SL67DKJLZ6;
				INFOPLIST_FILE = Quizzler/Info.plist;
				LD_RUNPATH_SEARCH_PATHS = (
					"$(inherited)",
					"@executable_path/Frameworks",
				);
				PRODUCT_BUNDLE_IDENTIFIER = com.eetuhernesniemi1990.Quizzler;
				PRODUCT_NAME = "$(TARGET_NAME)";
				SWIFT_VERSION = 5.0;
				TARGETED_DEVICE_FAMILY = "1,2";
			};
			name = Release;
		};
		3CF74F0F26FC5363007591A4 /* Debug */ = {
			isa = XCBuildConfiguration;
			buildSettings = {
				ALWAYS_EMBED_SWIFT_STANDARD_LIBRARIES = YES;
				BUNDLE_LOADER = "$(TEST_HOST)";
				CODE_SIGN_STYLE = Automatic;
				DEVELOPMENT_TEAM = SL67DKJLZ6;
				INFOPLIST_FILE = QuizzlerTests/Info.plist;
				IPHONEOS_DEPLOYMENT_TARGET = 14.5;
				LD_RUNPATH_SEARCH_PATHS = (
					"$(inherited)",
					"@executable_path/Frameworks",
					"@loader_path/Frameworks",
				);
				PRODUCT_BUNDLE_IDENTIFIER = com.eetuhernesniemi1990.QuizzlerTests;
				PRODUCT_NAME = "$(TARGET_NAME)";
				SWIFT_VERSION = 5.0;
				TARGETED_DEVICE_FAMILY = "1,2";
				TEST_HOST = "$(BUILT_PRODUCTS_DIR)/Quizzler.app/Quizzler";
			};
			name = Debug;
		};
		3CF74F1026FC5363007591A4 /* Release */ = {
			isa = XCBuildConfiguration;
			buildSettings = {
				ALWAYS_EMBED_SWIFT_STANDARD_LIBRARIES = YES;
				BUNDLE_LOADER = "$(TEST_HOST)";
				CODE_SIGN_STYLE = Automatic;
				DEVELOPMENT_TEAM = SL67DKJLZ6;
				INFOPLIST_FILE = QuizzlerTests/Info.plist;
				IPHONEOS_DEPLOYMENT_TARGET = 14.5;
				LD_RUNPATH_SEARCH_PATHS = (
					"$(inherited)",
					"@executable_path/Frameworks",
					"@loader_path/Frameworks",
				);
				PRODUCT_BUNDLE_IDENTIFIER = com.eetuhernesniemi1990.QuizzlerTests;
				PRODUCT_NAME = "$(TARGET_NAME)";
				SWIFT_VERSION = 5.0;
				TARGETED_DEVICE_FAMILY = "1,2";
				TEST_HOST = "$(BUILT_PRODUCTS_DIR)/Quizzler.app/Quizzler";
			};
			name = Release;
		};
		3CF74F1226FC5363007591A4 /* Debug */ = {
			isa = XCBuildConfiguration;
			buildSettings = {
				ALWAYS_EMBED_SWIFT_STANDARD_LIBRARIES = YES;
				CODE_SIGN_STYLE = Automatic;
				DEVELOPMENT_TEAM = SL67DKJLZ6;
				INFOPLIST_FILE = QuizzlerUITests/Info.plist;
				LD_RUNPATH_SEARCH_PATHS = (
					"$(inherited)",
					"@executable_path/Frameworks",
					"@loader_path/Frameworks",
				);
				PRODUCT_BUNDLE_IDENTIFIER = com.eetuhernesniemi1990.QuizzlerUITests;
				PRODUCT_NAME = "$(TARGET_NAME)";
				SWIFT_VERSION = 5.0;
				TARGETED_DEVICE_FAMILY = "1,2";
				TEST_TARGET_NAME = Quizzler;
			};
			name = Debug;
		};
		3CF74F1326FC5363007591A4 /* Release */ = {
			isa = XCBuildConfiguration;
			buildSettings = {
				ALWAYS_EMBED_SWIFT_STANDARD_LIBRARIES = YES;
				CODE_SIGN_STYLE = Automatic;
				DEVELOPMENT_TEAM = SL67DKJLZ6;
				INFOPLIST_FILE = QuizzlerUITests/Info.plist;
				LD_RUNPATH_SEARCH_PATHS = (
					"$(inherited)",
					"@executable_path/Frameworks",
					"@loader_path/Frameworks",
				);
				PRODUCT_BUNDLE_IDENTIFIER = com.eetuhernesniemi1990.QuizzlerUITests;
				PRODUCT_NAME = "$(TARGET_NAME)";
				SWIFT_VERSION = 5.0;
				TARGETED_DEVICE_FAMILY = "1,2";
				TEST_TARGET_NAME = Quizzler;
			};
			name = Release;
		};
/* End XCBuildConfiguration section */

/* Begin XCConfigurationList section */
		3CF74EDC26FC5361007591A4 /* Build configuration list for PBXProject "Quizzler" */ = {
			isa = XCConfigurationList;
			buildConfigurations = (
				3CF74F0926FC5363007591A4 /* Debug */,
				3CF74F0A26FC5363007591A4 /* Release */,
			);
			defaultConfigurationIsVisible = 0;
			defaultConfigurationName = Release;
		};
		3CF74F0B26FC5363007591A4 /* Build configuration list for PBXNativeTarget "Quizzler" */ = {
			isa = XCConfigurationList;
			buildConfigurations = (
				3CF74F0C26FC5363007591A4 /* Debug */,
				3CF74F0D26FC5363007591A4 /* Release */,
			);
			defaultConfigurationIsVisible = 0;
			defaultConfigurationName = Release;
		};
		3CF74F0E26FC5363007591A4 /* Build configuration list for PBXNativeTarget "QuizzlerTests" */ = {
			isa = XCConfigurationList;
			buildConfigurations = (
				3CF74F0F26FC5363007591A4 /* Debug */,
				3CF74F1026FC5363007591A4 /* Release */,
			);
			defaultConfigurationIsVisible = 0;
			defaultConfigurationName = Release;
		};
		3CF74F1126FC5363007591A4 /* Build configuration list for PBXNativeTarget "QuizzlerUITests" */ = {
			isa = XCConfigurationList;
			buildConfigurations = (
				3CF74F1226FC5363007591A4 /* Debug */,
				3CF74F1326FC5363007591A4 /* Release */,
			);
			defaultConfigurationIsVisible = 0;
			defaultConfigurationName = Release;
		};
/* End XCConfigurationList section */
	};
	rootObject = 3CF74ED926FC5361007591A4 /* Project object */;
}
